
Microsoft Visual Studio Solution File, Format Version 12.00
# Visual Studio 2013
VisualStudioVersion = 12.0.40629.0
MinimumVisualStudioVersion = 10.0.40219.1
Project("{F184B08F-C81C-45F6-A57F-5ABD9991F28F}") = "VbWlClient2", "VbWlClient2\VbWlClient2.vbproj", "{059BD0F5-0894-4BC4-A31B-1A36C278EF9B}"
EndProject
Global
	GlobalSection(SolutionConfigurationPlatforms) = preSolution
		Debug|Any CPU = Debug|Any CPU
		Release|Any CPU = Release|Any CPU
	EndGlobalSection
	GlobalSection(ProjectConfigurationPlatforms) = postSolution
		{059BD0F5-0894-4BC4-A31B-1A36C278EF9B}.Debug|Any CPU.ActiveCfg = Debug|Any CPU
		{059BD0F5-0894-4BC4-A31B-1A36C278EF9B}.Debug|Any CPU.Build.0 = Debug|Any CPU
		{059BD0F5-0894-4BC4-A31B-1A36C278EF9B}.Release|Any CPU.ActiveCfg = Release|Any CPU
		{059BD0F5-0894-4BC4-A31B-1A36C278EF9B}.Release|Any CPU.Build.0 = Release|Any CPU
	EndGlobalSection
	GlobalSection(SolutionProperties) = preSolution
		HideSolutionNode = FALSE
	EndGlobalSection
EndGlobal
